<?xml version="1.0" encoding="utf-8"?>
<Project ToolsVersion="4.0" xmlns="http://schemas.microsoft.com/developer/msbuild/2003">
  <ItemGroup>
    <Filter Include="Source Files">
      <UniqueIdentifier>{4FC737F1-C7A5-4376-A066-2A32D752A2FF}</UniqueIdentifier>
      <Extensions>cpp;c;cc;cxx;c++;cppm;ixx;def;odl;idl;hpj;bat;asm;asmx</Extensions>
    </Filter>
    <Filter Include="Header Files">
      <UniqueIdentifier>{93995380-89BD-4b04-88EB-625FBE52EBFB}</UniqueIdentifier>
      <Extensions>h;hh;hpp;hxx;h++;hm;inl;inc;ipp;xsd</Extensions>
    </Filter>
    <Filter Include="Resource Files">
      <UniqueIdentifier>{67DA6AB6-F800-4c08-8B7A-83BB121AAD01}</UniqueIdentifier>
      <Extensions>rc;ico;cur;bmp;dlg;rc2;rct;bin;rgs;gif;jpg;jpeg;jpe;resx;tiff;tif;png;wav;mfcribbon-ms</Extensions>
    </Filter>
  </ItemGroup>
  <ItemGroup>
    <ClCompile Include="main.cpp">
      <Filter>Source Files</Filter>
    </ClCompile>
    <ClCompile Include="SDLite.cpp">
      <Filter>Source Files</Filter>
    </ClCompile>
    <ClCompile Include="Ecs.cpp">
      <Filter>Source Files</Filter>
    </ClCompile>
    <ClCompile Include="Core.cpp">
      <Filter>Source Files</Filter>
    </ClCompile>
    <ClCompile Include="TTraits.cpp">
      <Filter>Source Files</Filter>
    </ClCompile>
    <ClCompile Include="ComponentManager.cpp">
      <Filter>Source Files</Filter>
    </ClCompile>
    <ClCompile Include="Components.cpp">
      <Filter>Source Files</Filter>
    </ClCompile>
    <ClCompile Include="EntityManager.cpp">
      <Filter>Source Files</Filter>
    </ClCompile>
    <ClCompile Include="EntityRelationships.cpp">
      <Filter>Source Files</Filter>
    </ClCompile>
    <ClCompile Include="Systems.cpp">
      <Filter>Source Files</Filter>
    </ClCompile>
    <ClCompile Include="EntityRetrieval.cpp">
      <Filter>Source Files</Filter>
    </ClCompile>
    <ClCompile Include="SDLUtils.cpp">
      <Filter>Source Files</Filter>
    </ClCompile>
    <ClCompile Include="GlyphAtlas.cpp">
      <Filter>Source Files</Filter>
    </ClCompile>
    <ClCompile Include="SpriteSeriesAtlas.cpp">
      <Filter>Source Files</Filter>
    </ClCompile>
    <ClCompile Include="SkylinePacker.cpp">
      <Filter>Source Files</Filter>
    </ClCompile>
    <ClCompile Include="Atlas.cpp">
      <Filter>Source Files</Filter>
    </ClCompile>
    <ClCompile Include="core\Error.cpp">
      <Filter>Source Files</Filter>
    </ClCompile>
    <ClCompile Include="core\Result.cpp">
      <Filter>Source Files</Filter>
    </ClCompile>
  </ItemGroup>
  <ItemGroup>
    <ClInclude Include="deps\include\sol\compatibility\compat-5.3.c.h">
      <Filter>Header Files</Filter>
    </ClInclude>
    <ClInclude Include="deps\include\sol\compatibility\compat-5.3.h">
      <Filter>Header Files</Filter>
    </ClInclude>
    <ClInclude Include="deps\include\sol\compatibility\compat-5.4.h">
      <Filter>Header Files</Filter>
    </ClInclude>
    <ClInclude Include="deps\include\sol\compatibility\lua_version.hpp">
      <Filter>Header Files</Filter>
    </ClInclude>
    <ClInclude Include="deps\include\sol\detail\build_version.hpp">
      <Filter>Header Files</Filter>
    </ClInclude>
    <ClInclude Include="deps\include\sol\stack\detail\pairs.hpp">
      <Filter>Header Files</Filter>
    </ClInclude>
    <ClInclude Include="deps\include\sol\utility\is_integer.hpp">
      <Filter>Header Files</Filter>
    </ClInclude>
    <ClInclude Include="deps\include\sol\utility\to_string.hpp">
      <Filter>Header Files</Filter>
    </ClInclude>
    <ClInclude Include="deps\include\sol\abort.hpp">
      <Filter>Header Files</Filter>
    </ClInclude>
    <ClInclude Include="deps\include\sol\as_args.hpp">
      <Filter>Header Files</Filter>
    </ClInclude>
    <ClInclude Include="deps\include\sol\as_returns.hpp">
      <Filter>Header Files</Filter>
    </ClInclude>
    <ClInclude Include="deps\include\sol\assert.hpp">
      <Filter>Header Files</Filter>
    </ClInclude>
    <ClInclude Include="deps\include\sol\base_traits.hpp">
      <Filter>Header Files</Filter>
    </ClInclude>
    <ClInclude Include="deps\include\sol\bind_traits.hpp">
      <Filter>Header Files</Filter>
    </ClInclude>
    <ClInclude Include="deps\include\sol\bytecode.hpp">
      <Filter>Header Files</Filter>
    </ClInclude>
    <ClInclude Include="deps\include\sol\call.hpp">
      <Filter>Header Files</Filter>
    </ClInclude>
    <ClInclude Include="deps\include\sol\compatibility.hpp">
      <Filter>Header Files</Filter>
    </ClInclude>
    <ClInclude Include="deps\include\sol\config.hpp">
      <Filter>Header Files</Filter>
    </ClInclude>
    <ClInclude Include="deps\include\sol\coroutine.hpp">
      <Filter>Header Files</Filter>
    </ClInclude>
    <ClInclude Include="deps\include\sol\debug.hpp">
      <Filter>Header Files</Filter>
    </ClInclude>
    <ClInclude Include="deps\include\sol\demangle.hpp">
      <Filter>Header Files</Filter>
    </ClInclude>
    <ClInclude Include="deps\include\sol\deprecate.hpp">
      <Filter>Header Files</Filter>
    </ClInclude>
    <ClInclude Include="deps\include\sol\dump_handler.hpp">
      <Filter>Header Files</Filter>
    </ClInclude>
    <ClInclude Include="deps\include\sol\ebco.hpp">
      <Filter>Header Files</Filter>
    </ClInclude>
    <ClInclude Include="deps\include\sol\environment.hpp">
      <Filter>Header Files</Filter>
    </ClInclude>
    <ClInclude Include="deps\include\sol\epilogue.hpp">
      <Filter>Header Files</Filter>
    </ClInclude>
    <ClInclude Include="deps\include\sol\error.hpp">
      <Filter>Header Files</Filter>
    </ClInclude>
    <ClInclude Include="deps\include\sol\error_handler.hpp">
      <Filter>Header Files</Filter>
    </ClInclude>
    <ClInclude Include="deps\include\sol\forward.hpp">
      <Filter>Header Files</Filter>
    </ClInclude>
    <ClInclude Include="deps\include\sol\forward_as.hpp">
      <Filter>Header Files</Filter>
    </ClInclude>
    <ClInclude Include="deps\include\sol\forward_detail.hpp">
      <Filter>Header Files</Filter>
    </ClInclude>
    <ClInclude Include="deps\include\sol\function.hpp">
      <Filter>Header Files</Filter>
    </ClInclude>
    <ClInclude Include="deps\include\sol\function_result.hpp">
      <Filter>Header Files</Filter>
    </ClInclude>
    <ClInclude Include="deps\include\sol\function_types.hpp">
      <Filter>Header Files</Filter>
    </ClInclude>
    <ClInclude Include="deps\include\sol\function_types_core.hpp">
      <Filter>Header Files</Filter>
    </ClInclude>
    <ClInclude Include="deps\include\sol\function_types_overloaded.hpp">
      <Filter>Header Files</Filter>
    </ClInclude>
    <ClInclude Include="deps\include\sol\function_types_stateful.hpp">
      <Filter>Header Files</Filter>
    </ClInclude>
    <ClInclude Include="deps\include\sol\function_types_stateless.hpp">
      <Filter>Header Files</Filter>
    </ClInclude>
    <ClInclude Include="deps\include\sol\function_types_templated.hpp">
      <Filter>Header Files</Filter>
    </ClInclude>
    <ClInclude Include="deps\include\sol\in_place.hpp">
      <Filter>Header Files</Filter>
    </ClInclude>
    <ClInclude Include="deps\include\sol\inheritance.hpp">
      <Filter>Header Files</Filter>
    </ClInclude>
    <ClInclude Include="deps\include\sol\load_result.hpp">
      <Filter>Header Files</Filter>
    </ClInclude>
    <ClInclude Include="deps\include\sol\lua_table.hpp">
      <Filter>Header Files</Filter>
    </ClInclude>
    <ClInclude Include="deps\include\sol\lua_value.hpp">
      <Filter>Header Files</Filter>
    </ClInclude>
    <ClInclude Include="deps\include\sol\make_reference.hpp">
      <Filter>Header Files</Filter>
    </ClInclude>
    <ClInclude Include="deps\include\sol\metatable.hpp">
      <Filter>Header Files</Filter>
    </ClInclude>
    <ClInclude Include="deps\include\sol\object.hpp">
      <Filter>Header Files</Filter>
    </ClInclude>
    <ClInclude Include="deps\include\sol\object_base.hpp">
      <Filter>Header Files</Filter>
    </ClInclude>
    <ClInclude Include="deps\include\sol\optional.hpp">
      <Filter>Header Files</Filter>
    </ClInclude>
    <ClInclude Include="deps\include\sol\optional_implementation.hpp">
      <Filter>Header Files</Filter>
    </ClInclude>
    <ClInclude Include="deps\include\sol\overload.hpp">
      <Filter>Header Files</Filter>
    </ClInclude>
    <ClInclude Include="deps\include\sol\packaged_coroutine.hpp">
      <Filter>Header Files</Filter>
    </ClInclude>
    <ClInclude Include="deps\include\sol\pairs_iterator.hpp">
      <Filter>Header Files</Filter>
    </ClInclude>
    <ClInclude Include="deps\include\sol\pointer_like.hpp">
      <Filter>Header Files</Filter>
    </ClInclude>
    <ClInclude Include="deps\include\sol\policies.hpp">
      <Filter>Header Files</Filter>
    </ClInclude>
    <ClInclude Include="deps\include\sol\prologue.hpp">
      <Filter>Header Files</Filter>
    </ClInclude>
    <ClInclude Include="deps\include\sol\property.hpp">
      <Filter>Header Files</Filter>
    </ClInclude>
    <ClInclude Include="deps\include\sol\protect.hpp">
      <Filter>Header Files</Filter>
    </ClInclude>
    <ClInclude Include="deps\include\sol\protected_function.hpp">
      <Filter>Header Files</Filter>
    </ClInclude>
    <ClInclude Include="deps\include\sol\protected_function_result.hpp">
      <Filter>Header Files</Filter>
    </ClInclude>
    <ClInclude Include="deps\include\sol\protected_handler.hpp">
      <Filter>Header Files</Filter>
    </ClInclude>
    <ClInclude Include="deps\include\sol\proxy_base.hpp">
      <Filter>Header Files</Filter>
    </ClInclude>
    <ClInclude Include="deps\include\sol\raii.hpp">
      <Filter>Header Files</Filter>
    </ClInclude>
    <ClInclude Include="deps\include\sol\reference.hpp">
      <Filter>Header Files</Filter>
    </ClInclude>
    <ClInclude Include="deps\include\sol\resolve.hpp">
      <Filter>Header Files</Filter>
    </ClInclude>
    <ClInclude Include="deps\include\sol\sol.hpp">
      <Filter>Header Files</Filter>
    </ClInclude>
    <ClInclude Include="deps\include\sol\stack.hpp">
      <Filter>Header Files</Filter>
    </ClInclude>
    <ClInclude Include="deps\include\sol\stack_check.hpp">
      <Filter>Header Files</Filter>
    </ClInclude>
    <ClInclude Include="deps\include\sol\stack_check_get.hpp">
      <Filter>Header Files</Filter>
    </ClInclude>
    <ClInclude Include="deps\include\sol\stack_check_get_qualified.hpp">
      <Filter>Header Files</Filter>
    </ClInclude>
    <ClInclude Include="deps\include\sol\stack_check_get_unqualified.hpp">
      <Filter>Header Files</Filter>
    </ClInclude>
    <ClInclude Include="deps\include\sol\stack_check_qualified.hpp">
      <Filter>Header Files</Filter>
    </ClInclude>
    <ClInclude Include="deps\include\sol\stack_check_unqualified.hpp">
      <Filter>Header Files</Filter>
    </ClInclude>
    <ClInclude Include="deps\include\sol\stack_core.hpp">
      <Filter>Header Files</Filter>
    </ClInclude>
    <ClInclude Include="deps\include\sol\stack_field.hpp">
      <Filter>Header Files</Filter>
    </ClInclude>
    <ClInclude Include="deps\include\sol\stack_get.hpp">
      <Filter>Header Files</Filter>
    </ClInclude>
    <ClInclude Include="deps\include\sol\stack_get_qualified.hpp">
      <Filter>Header Files</Filter>
    </ClInclude>
    <ClInclude Include="deps\include\sol\stack_get_unqualified.hpp">
      <Filter>Header Files</Filter>
    </ClInclude>
    <ClInclude Include="deps\include\sol\stack_guard.hpp">
      <Filter>Header Files</Filter>
    </ClInclude>
    <ClInclude Include="deps\include\sol\stack_iterator.hpp">
      <Filter>Header Files</Filter>
    </ClInclude>
    <ClInclude Include="deps\include\sol\stack_pop.hpp">
      <Filter>Header Files</Filter>
    </ClInclude>
    <ClInclude Include="deps\include\sol\stack_probe.hpp">
      <Filter>Header Files</Filter>
    </ClInclude>
    <ClInclude Include="deps\include\sol\stack_proxy.hpp">
      <Filter>Header Files</Filter>
    </ClInclude>
    <ClInclude Include="deps\include\sol\stack_proxy_base.hpp">
      <Filter>Header Files</Filter>
    </ClInclude>
    <ClInclude Include="deps\include\sol\stack_push.hpp">
      <Filter>Header Files</Filter>
    </ClInclude>
    <ClInclude Include="deps\include\sol\stack_reference.hpp">
      <Filter>Header Files</Filter>
    </ClInclude>
    <ClInclude Include="deps\include\sol\state.hpp">
      <Filter>Header Files</Filter>
    </ClInclude>
    <ClInclude Include="deps\include\sol\state_handling.hpp">
      <Filter>Header Files</Filter>
    </ClInclude>
    <ClInclude Include="deps\include\sol\state_view.hpp">
      <Filter>Header Files</Filter>
    </ClInclude>
    <ClInclude Include="deps\include\sol\string_view.hpp">
      <Filter>Header Files</Filter>
    </ClInclude>
    <ClInclude Include="deps\include\sol\table.hpp">
      <Filter>Header Files</Filter>
    </ClInclude>
    <ClInclude Include="deps\include\sol\table_core.hpp">
      <Filter>Header Files</Filter>
    </ClInclude>
    <ClInclude Include="deps\include\sol\table_iterator.hpp">
      <Filter>Header Files</Filter>
    </ClInclude>
    <ClInclude Include="deps\include\sol\table_proxy.hpp">
      <Filter>Header Files</Filter>
    </ClInclude>
    <ClInclude Include="deps\include\sol\thread.hpp">
      <Filter>Header Files</Filter>
    </ClInclude>
    <ClInclude Include="deps\include\sol\tie.hpp">
      <Filter>Header Files</Filter>
    </ClInclude>
    <ClInclude Include="deps\include\sol\traits.hpp">
      <Filter>Header Files</Filter>
    </ClInclude>
    <ClInclude Include="deps\include\sol\trampoline.hpp">
      <Filter>Header Files</Filter>
    </ClInclude>
    <ClInclude Include="deps\include\sol\tuple.hpp">
      <Filter>Header Files</Filter>
    </ClInclude>
    <ClInclude Include="deps\include\sol\types.hpp">
      <Filter>Header Files</Filter>
    </ClInclude>
    <ClInclude Include="deps\include\sol\unicode.hpp">
      <Filter>Header Files</Filter>
    </ClInclude>
    <ClInclude Include="deps\include\sol\unique_usertype_traits.hpp">
      <Filter>Header Files</Filter>
    </ClInclude>
    <ClInclude Include="deps\include\sol\unreachable.hpp">
      <Filter>Header Files</Filter>
    </ClInclude>
    <ClInclude Include="deps\include\sol\unsafe_function.hpp">
      <Filter>Header Files</Filter>
    </ClInclude>
    <ClInclude Include="deps\include\sol\unsafe_function_result.hpp">
      <Filter>Header Files</Filter>
    </ClInclude>
    <ClInclude Include="deps\include\sol\userdata.hpp">
      <Filter>Header Files</Filter>
    </ClInclude>
    <ClInclude Include="deps\include\sol\usertype.hpp">
      <Filter>Header Files</Filter>
    </ClInclude>
    <ClInclude Include="deps\include\sol\usertype_container.hpp">
      <Filter>Header Files</Filter>
    </ClInclude>
    <ClInclude Include="deps\include\sol\usertype_container_launch.hpp">
      <Filter>Header Files</Filter>
    </ClInclude>
    <ClInclude Include="deps\include\sol\usertype_core.hpp">
      <Filter>Header Files</Filter>
    </ClInclude>
    <ClInclude Include="deps\include\sol\usertype_proxy.hpp">
      <Filter>Header Files</Filter>
    </ClInclude>
    <ClInclude Include="deps\include\sol\usertype_storage.hpp">
      <Filter>Header Files</Filter>
    </ClInclude>
    <ClInclude Include="deps\include\sol\usertype_traits.hpp">
      <Filter>Header Files</Filter>
    </ClInclude>
    <ClInclude Include="deps\include\sol\variadic_args.hpp">
      <Filter>Header Files</Filter>
    </ClInclude>
    <ClInclude Include="deps\include\sol\variadic_results.hpp">
      <Filter>Header Files</Filter>
    </ClInclude>
    <ClInclude Include="deps\include\sol\version.hpp">
      <Filter>Header Files</Filter>
    </ClInclude>
    <ClInclude Include="deps\include\sol\wrapper.hpp">
      <Filter>Header Files</Filter>
    </ClInclude>
    <ClInclude Include="SDLite.h">
      <Filter>Header Files</Filter>
    </ClInclude>
    <ClInclude Include="Ecs.h">
      <Filter>Header Files</Filter>
    </ClInclude>
    <ClInclude Include="Core.h">
      <Filter>Header Files</Filter>
    </ClInclude>
    <ClInclude Include="TTraits.h">
      <Filter>Header Files</Filter>
    </ClInclude>
    <ClInclude Include="ComponentManager.h">
      <Filter>Header Files</Filter>
    </ClInclude>
    <ClInclude Include="Components.h">
      <Filter>Header Files</Filter>
    </ClInclude>
    <ClInclude Include="EntityManager.h">
      <Filter>Header Files</Filter>
    </ClInclude>
    <ClInclude Include="EntityRelationships.h">
      <Filter>Header Files</Filter>
    </ClInclude>
    <ClInclude Include="Systems.h">
      <Filter>Header Files</Filter>
    </ClInclude>
    <ClInclude Include="EntityRetrieval.h">
      <Filter>Header Files</Filter>
    </ClInclude>
    <ClInclude Include="SDLUtils.h">
      <Filter>Header Files</Filter>
    </ClInclude>
    <ClInclude Include="GlyphAtlas.h">
      <Filter>Header Files</Filter>
    </ClInclude>
    <ClInclude Include="SpriteSeriesAtlas.h">
      <Filter>Header Files</Filter>
    </ClInclude>
    <ClInclude Include="SkylinePacker.h">
      <Filter>Header Files</Filter>
    </ClInclude>
    <ClInclude Include="Atlas.h">
      <Filter>Header Files</Filter>
    </ClInclude>
    <ClInclude Include="core\Result.h">
      <Filter>Header Files</Filter>
    </ClInclude>
    <ClInclude Include="core\Error.h">
      <Filter>Header Files</Filter>
    </ClInclude>
  </ItemGroup>
  <ItemGroup>
    <Image Include="sprites\knight\walk_anim\knight_walk_0.png">
      <Filter>Resource Files</Filter>
    </Image>
    <Image Include="sprites\knight\walk_anim\knight_walk_1.png">
      <Filter>Resource Files</Filter>
    </Image>
    <Image Include="sprites\knight\walk_anim\knight_walk_2.png">
      <Filter>Resource Files</Filter>
    </Image>
    <Image Include="sprites\knight\walk_anim\knight_walk_3.png">
      <Filter>Resource Files</Filter>
    </Image>
    <Image Include="sprites\knight\walk_anim\knight_walk_4.png">
      <Filter>Resource Files</Filter>
    </Image>
    <Image Include="sprites\knight\walk_anim\knight_walk_5.png">
      <Filter>Resource Files</Filter>
    </Image>
    <Image Include="sprites\knight\walk_anim\knight_walk_6.png">
      <Filter>Resource Files</Filter>
    </Image>
    <Image Include="sprites\knight\walk_anim\knight_walk_7.png">
      <Filter>Resource Files</Filter>
    </Image>
    <Image Include="sprites\knight\walk_anim\knight_walk_8.png">
      <Filter>Resource Files</Filter>
    </Image>
  </ItemGroup>
</Project>